
Microsoft Visual Studio Solution File, Format Version 12.00
# Visual Studio Version 16
VisualStudioVersion = 16.0.28729.10
MinimumVisualStudioVersion = 10.0.40219.1
Project("{2150E333-8FDC-42A3-9474-1A3956D46DE8}") = "src", "src", "{E74445DD-28F2-4920-961A-C3778DA73664}"
EndProject
Project("{2150E333-8FDC-42A3-9474-1A3956D46DE8}") = "doc", "doc", "{7B2AAD5E-368D-44EC-9215-418C718128CD}"
	ProjectSection(SolutionItems) = preProject
		.editorconfig = .editorconfig
		.gitignore = .gitignore
		LICENSE = LICENSE
		README.md = README.md
	EndProjectSection
EndProject
Project("{2150E333-8FDC-42A3-9474-1A3956D46DE8}") = "deploy", "deploy", "{8E178E6A-3786-4105-87DA-7523E146F09C}"
EndProject
Project("{2150E333-8FDC-42A3-9474-1A3956D46DE8}") = "test", "test", "{70D80D12-0F5B-4966-9543-5304131A9000}"
EndProject
Project("{2150E333-8FDC-42A3-9474-1A3956D46DE8}") = "unit", "unit", "{7F48B88A-6EC7-4AA2-84C5-CAC112F80102}"
EndProject
Project("{2150E333-8FDC-42A3-9474-1A3956D46DE8}") = "release", "release", "{EC9C2024-7F3E-4C94-B592-9BC6A96AB14E}"
EndProject
Project("{FAE04EC0-301F-11D3-BF4B-00C04F79EFBC}") = "DaprDemo", "src\DaprDemo\DaprDemo.csproj", "{4271A4EC-7DB5-4C93-B2FD-3277759BFC69}"
EndProject
Project("{2150E333-8FDC-42A3-9474-1A3956D46DE8}") = ".devcontainer", ".devcontainer", "{F26A7520-AE45-4798-A206-FD71D0A95B42}"
EndProject
Project("{2150E333-8FDC-42A3-9474-1A3956D46DE8}") = ".github", ".github", "{B327EE7F-003C-4E29-B75A-65AD0879EA24}"
EndProject
Project("{2150E333-8FDC-42A3-9474-1A3956D46DE8}") = "workflows", "workflows", "{B9B3E9D3-596B-469C-B10A-C40EAB90D4E1}"
EndProject
Project("{2150E333-8FDC-42A3-9474-1A3956D46DE8}") = ".vscode", ".vscode", "{CCE69CE2-DA30-4CFE-BD5D-F5C8B76AA50B}"
EndProject
Project("{2150E333-8FDC-42A3-9474-1A3956D46DE8}") = "doc", "doc", "{C932B724-25A3-4D0A-98E4-EB6D7AA05133}"
	ProjectSection(SolutionItems) = preProject
		doc\DaprDemo.http = doc\DaprDemo.http
	EndProjectSection
EndProject
Global
	GlobalSection(SolutionConfigurationPlatforms) = preSolution
		Debug|Any CPU = Debug|Any CPU
		Release|Any CPU = Release|Any CPU
	EndGlobalSection
	GlobalSection(ProjectConfigurationPlatforms) = postSolution
		{4271A4EC-7DB5-4C93-B2FD-3277759BFC69}.Debug|Any CPU.ActiveCfg = Debug|Any CPU
		{4271A4EC-7DB5-4C93-B2FD-3277759BFC69}.Debug|Any CPU.Build.0 = Debug|Any CPU
		{4271A4EC-7DB5-4C93-B2FD-3277759BFC69}.Release|Any CPU.ActiveCfg = Release|Any CPU
		{4271A4EC-7DB5-4C93-B2FD-3277759BFC69}.Release|Any CPU.Build.0 = Release|Any CPU
	EndGlobalSection
	GlobalSection(SolutionProperties) = preSolution
		HideSolutionNode = FALSE
	EndGlobalSection
	GlobalSection(NestedProjects) = preSolution
		{7F48B88A-6EC7-4AA2-84C5-CAC112F80102} = {70D80D12-0F5B-4966-9543-5304131A9000}
		{EC9C2024-7F3E-4C94-B592-9BC6A96AB14E} = {70D80D12-0F5B-4966-9543-5304131A9000}
		{4271A4EC-7DB5-4C93-B2FD-3277759BFC69} = {E74445DD-28F2-4920-961A-C3778DA73664}
		{F26A7520-AE45-4798-A206-FD71D0A95B42} = {7B2AAD5E-368D-44EC-9215-418C718128CD}
		{B327EE7F-003C-4E29-B75A-65AD0879EA24} = {7B2AAD5E-368D-44EC-9215-418C718128CD}
		{B9B3E9D3-596B-469C-B10A-C40EAB90D4E1} = {B327EE7F-003C-4E29-B75A-65AD0879EA24}
		{CCE69CE2-DA30-4CFE-BD5D-F5C8B76AA50B} = {7B2AAD5E-368D-44EC-9215-418C718128CD}
		{C932B724-25A3-4D0A-98E4-EB6D7AA05133} = {7B2AAD5E-368D-44EC-9215-418C718128CD}
	EndGlobalSection
	GlobalSection(ExtensibilityGlobals) = postSolution
		SolutionGuid = {F99521D6-99C8-41D7-83DC-3D5523498EE7}
	EndGlobalSection
EndGlobal
